
Microsoft Visual Studio Solution File, Format Version 12.00
# Visual Studio Version 17
VisualStudioVersion = 17.8.34525.116
MinimumVisualStudioVersion = 10.0.40219.1
Project("{FAE04EC0-301F-11D3-BF4B-00C04F79EFBC}") = "CRUD", "CRUD\CRUD.csproj", "{FBF32896-6B7A-45BB-856D-444B1BD015FD}"
EndProject
Global
	GlobalSection(SolutionConfigurationPlatforms) = preSolution
		Debug|Any CPU = Debug|Any CPU
		Release|Any CPU = Release|Any CPU
	EndGlobalSection
	GlobalSection(ProjectConfigurationPlatforms) = postSolution
		{FBF32896-6B7A-45BB-856D-444B1BD015FD}.Debug|Any CPU.ActiveCfg = Debug|Any CPU
		{FBF32896-6B7A-45BB-856D-444B1BD015FD}.Debug|Any CPU.Build.0 = Debug|Any CPU
		{FBF32896-6B7A-45BB-856D-444B1BD015FD}.Release|Any CPU.ActiveCfg = Release|Any CPU
		{FBF32896-6B7A-45BB-856D-444B1BD015FD}.Release|Any CPU.Build.0 = Release|Any CPU
	EndGlobalSection
	GlobalSection(SolutionProperties) = preSolution
		HideSolutionNode = FALSE
	EndGlobalSection
	GlobalSection(ExtensibilityGlobals) = postSolution
		SolutionGuid = {051F6264-8F69-41B1-A2BD-4FBF61EB9343}
	EndGlobalSection
EndGlobal
